// !$*UTF8*$!
{
	archiveVersion = 1;
	classes = {
	};
	objectVersion = 46;
	objects = {

/* Begin PBXBuildFile section */
		54E0929E1C42EB2400E670FF /* AppDelegate.swift in Sources */ = {isa = PBXBuildFile; fileRef = 54E0929D1C42EB2400E670FF /* AppDelegate.swift */; };
		54E092A01C42EB2400E670FF /* ViewController.swift in Sources */ = {isa = PBXBuildFile; fileRef = 54E0929F1C42EB2400E670FF /* ViewController.swift */; };
		54E092A31C42EB2400E670FF /* Main.storyboard in Resources */ = {isa = PBXBuildFile; fileRef = 54E092A11C42EB2400E670FF /* Main.storyboard */; };
		54E092A51C42EB2400E670FF /* Assets.xcassets in Resources */ = {isa = PBXBuildFile; fileRef = 54E092A41C42EB2400E670FF /* Assets.xcassets */; };
		54E092A81C42EB2400E670FF /* LaunchScreen.storyboard in Resources */ = {isa = PBXBuildFile; fileRef = 54E092A61C42EB2400E670FF /* LaunchScreen.storyboard */; };
		54E092B31C42EB2400E670FF /* food_tracker_tutorialTests.swift in Sources */ = {isa = PBXBuildFile; fileRef = 54E092B21C42EB2400E670FF /* food_tracker_tutorialTests.swift */; };
		54E092BE1C42EB2400E670FF /* food_tracker_tutorialUITests.swift in Sources */ = {isa = PBXBuildFile; fileRef = 54E092BD1C42EB2400E670FF /* food_tracker_tutorialUITests.swift */; };
/* End PBXBuildFile section */

/* Begin PBXContainerItemProxy section */
		54E092AF1C42EB2400E670FF /* PBXContainerItemProxy */ = {
			isa = PBXContainerItemProxy;
			containerPortal = 54E092921C42EB2400E670FF /* Project object */;
			proxyType = 1;
			remoteGlobalIDString = 54E092991C42EB2400E670FF;
			remoteInfo = "food-tracker-tutorial";
		};
		54E092BA1C42EB2400E670FF /* PBXContainerItemProxy */ = {
			isa = PBXContainerItemProxy;
			containerPortal = 54E092921C42EB2400E670FF /* Project object */;
			proxyType = 1;
			remoteGlobalIDString = 54E092991C42EB2400E670FF;
			remoteInfo = "food-tracker-tutorial";
		};
/* End PBXContainerItemProxy section */

/* Begin PBXFileReference section */
		54E0929A1C42EB2400E670FF /* food-tracker-tutorial.app */ = {isa = PBXFileReference; explicitFileType = wrapper.application; includeInIndex = 0; path = "food-tracker-tutorial.app"; sourceTree = BUILT_PRODUCTS_DIR; };
		54E0929D1C42EB2400E670FF /* AppDelegate.swift */ = {isa = PBXFileReference; lastKnownFileType = sourcecode.swift; path = AppDelegate.swift; sourceTree = "<group>"; };
		54E0929F1C42EB2400E670FF /* ViewController.swift */ = {isa = PBXFileReference; indentWidth = 8; lastKnownFileType = sourcecode.swift; path = ViewController.swift; sourceTree = "<group>"; tabWidth = 8; };
		54E092A21C42EB2400E670FF /* Base */ = {isa = PBXFileReference; lastKnownFileType = file.storyboard; name = Base; path = Base.lproj/Main.storyboard; sourceTree = "<group>"; };
		54E092A41C42EB2400E670FF /* Assets.xcassets */ = {isa = PBXFileReference; lastKnownFileType = folder.assetcatalog; path = Assets.xcassets; sourceTree = "<group>"; };
		54E092A71C42EB2400E670FF /* Base */ = {isa = PBXFileReference; lastKnownFileType = file.storyboard; name = Base; path = Base.lproj/LaunchScreen.storyboard; sourceTree = "<group>"; };
		54E092A91C42EB2400E670FF /* Info.plist */ = {isa = PBXFileReference; lastKnownFileType = text.plist.xml; path = Info.plist; sourceTree = "<group>"; };
		54E092AE1C42EB2400E670FF /* food-tracker-tutorialTests.xctest */ = {isa = PBXFileReference; explicitFileType = wrapper.cfbundle; includeInIndex = 0; path = "food-tracker-tutorialTests.xctest"; sourceTree = BUILT_PRODUCTS_DIR; };
		54E092B21C42EB2400E670FF /* food_tracker_tutorialTests.swift */ = {isa = PBXFileReference; lastKnownFileType = sourcecode.swift; path = food_tracker_tutorialTests.swift; sourceTree = "<group>"; };
		54E092B41C42EB2400E670FF /* Info.plist */ = {isa = PBXFileReference; lastKnownFileType = text.plist.xml; path = Info.plist; sourceTree = "<group>"; };
		54E092B91C42EB2400E670FF /* food-tracker-tutorialUITests.xctest */ = {isa = PBXFileReference; explicitFileType = wrapper.cfbundle; includeInIndex = 0; path = "food-tracker-tutorialUITests.xctest"; sourceTree = BUILT_PRODUCTS_DIR; };
		54E092BD1C42EB2400E670FF /* food_tracker_tutorialUITests.swift */ = {isa = PBXFileReference; lastKnownFileType = sourcecode.swift; path = food_tracker_tutorialUITests.swift; sourceTree = "<group>"; };
		54E092BF1C42EB2400E670FF /* Info.plist */ = {isa = PBXFileReference; lastKnownFileType = text.plist.xml; path = Info.plist; sourceTree = "<group>"; };
/* End PBXFileReference section */

/* Begin PBXFrameworksBuildPhase section */
		54E092971C42EB2400E670FF /* Frameworks */ = {
			isa = PBXFrameworksBuildPhase;
			buildActionMask = 2147483647;
			files = (
			);
			runOnlyForDeploymentPostprocessing = 0;
		};
		54E092AB1C42EB2400E670FF /* Frameworks */ = {
			isa = PBXFrameworksBuildPhase;
			buildActionMask = 2147483647;
			files = (
			);
			runOnlyForDeploymentPostprocessing = 0;
		};
		54E092B61C42EB2400E670FF /* Frameworks */ = {
			isa = PBXFrameworksBuildPhase;
			buildActionMask = 2147483647;
			files = (
			);
			runOnlyForDeploymentPostprocessing = 0;
		};
/* End PBXFrameworksBuildPhase section */

/* Begin PBXGroup section */
		54E092911C42EB2400E670FF = {
			isa = PBXGroup;
			children = (
				54E0929C1C42EB2400E670FF /* food-tracker-tutorial */,
				54E092B11C42EB2400E670FF /* food-tracker-tutorialTests */,
				54E092BC1C42EB2400E670FF /* food-tracker-tutorialUITests */,
				54E0929B1C42EB2400E670FF /* Products */,
			);
			sourceTree = "<group>";
		};
		54E0929B1C42EB2400E670FF /* Products */ = {
			isa = PBXGroup;
			children = (
				54E0929A1C42EB2400E670FF /* food-tracker-tutorial.app */,
				54E092AE1C42EB2400E670FF /* food-tracker-tutorialTests.xctest */,
				54E092B91C42EB2400E670FF /* food-tracker-tutorialUITests.xctest */,
			);
			name = Products;
			sourceTree = "<group>";
		};
		54E0929C1C42EB2400E670FF /* food-tracker-tutorial */ = {
			isa = PBXGroup;
			children = (
				54E0929D1C42EB2400E670FF /* AppDelegate.swift */,
				54E0929F1C42EB2400E670FF /* ViewController.swift */,
				54E092A11C42EB2400E670FF /* Main.storyboard */,
				54E092A41C42EB2400E670FF /* Assets.xcassets */,
				54E092A61C42EB2400E670FF /* LaunchScreen.storyboard */,
				54E092A91C42EB2400E670FF /* Info.plist */,
			);
			path = "food-tracker-tutorial";
			sourceTree = "<group>";
		};
		54E092B11C42EB2400E670FF /* food-tracker-tutorialTests */ = {
			isa = PBXGroup;
			children = (
				54E092B21C42EB2400E670FF /* food_tracker_tutorialTests.swift */,
				54E092B41C42EB2400E670FF /* Info.plist */,
			);
			path = "food-tracker-tutorialTests";
			sourceTree = "<group>";
		};
		54E092BC1C42EB2400E670FF /* food-tracker-tutorialUITests */ = {
			isa = PBXGroup;
			children = (
				54E092BD1C42EB2400E670FF /* food_tracker_tutorialUITests.swift */,
				54E092BF1C42EB2400E670FF /* Info.plist */,
			);
			path = "food-tracker-tutorialUITests";
			sourceTree = "<group>";
		};
/* End PBXGroup section */

/* Begin PBXNativeTarget section */
		54E092991C42EB2400E670FF /* food-tracker-tutorial */ = {
			isa = PBXNativeTarget;
			buildConfigurationList = 54E092C21C42EB2400E670FF /* Build configuration list for PBXNativeTarget "food-tracker-tutorial" */;
			buildPhases = (
				54E092961C42EB2400E670FF /* Sources */,
				54E092971C42EB2400E670FF /* Frameworks */,
				54E092981C42EB2400E670FF /* Resources */,
			);
			buildRules = (
			);
			dependencies = (
			);
			name = "food-tracker-tutorial";
			productName = "food-tracker-tutorial";
			productReference = 54E0929A1C42EB2400E670FF /* food-tracker-tutorial.app */;
			productType = "com.apple.product-type.application";
		};
		54E092AD1C42EB2400E670FF /* food-tracker-tutorialTests */ = {
			isa = PBXNativeTarget;
			buildConfigurationList = 54E092C51C42EB2400E670FF /* Build configuration list for PBXNativeTarget "food-tracker-tutorialTests" */;
			buildPhases = (
				54E092AA1C42EB2400E670FF /* Sources */,
				54E092AB1C42EB2400E670FF /* Frameworks */,
				54E092AC1C42EB2400E670FF /* Resources */,
			);
			buildRules = (
			);
			dependencies = (
				54E092B01C42EB2400E670FF /* PBXTargetDependency */,
			);
			name = "food-tracker-tutorialTests";
			productName = "food-tracker-tutorialTests";
			productReference = 54E092AE1C42EB2400E670FF /* food-tracker-tutorialTests.xctest */;
			productType = "com.apple.product-type.bundle.unit-test";
		};
		54E092B81C42EB2400E670FF /* food-tracker-tutorialUITests */ = {
			isa = PBXNativeTarget;
			buildConfigurationList = 54E092C81C42EB2400E670FF /* Build configuration list for PBXNativeTarget "food-tracker-tutorialUITests" */;
			buildPhases = (
				54E092B51C42EB2400E670FF /* Sources */,
				54E092B61C42EB2400E670FF /* Frameworks */,
				54E092B71C42EB2400E670FF /* Resources */,
			);
			buildRules = (
			);
			dependencies = (
				54E092BB1C42EB2400E670FF /* PBXTargetDependency */,
			);
			name = "food-tracker-tutorialUITests";
			productName = "food-tracker-tutorialUITests";
			productReference = 54E092B91C42EB2400E670FF /* food-tracker-tutorialUITests.xctest */;
			productType = "com.apple.product-type.bundle.ui-testing";
		};
/* End PBXNativeTarget section */

/* Begin PBXProject section */
		54E092921C42EB2400E670FF /* Project object */ = {
			isa = PBXProject;
			attributes = {
				LastSwiftUpdateCheck = 0720;
				LastUpgradeCheck = 0720;
				ORGANIZATIONNAME = or9;
				TargetAttributes = {
					54E092991C42EB2400E670FF = {
						CreatedOnToolsVersion = 7.2;
						DevelopmentTeam = 4W8ZC23SL3;
					};
					54E092AD1C42EB2400E670FF = {
						CreatedOnToolsVersion = 7.2;
						DevelopmentTeam = 4W8ZC23SL3;
						TestTargetID = 54E092991C42EB2400E670FF;
					};
					54E092B81C42EB2400E670FF = {
						CreatedOnToolsVersion = 7.2;
						DevelopmentTeam = 4W8ZC23SL3;
						TestTargetID = 54E092991C42EB2400E670FF;
					};
				};
			};
			buildConfigurationList = 54E092951C42EB2400E670FF /* Build configuration list for PBXProject "food-tracker-tutorial" */;
			compatibilityVersion = "Xcode 3.2";
			developmentRegion = English;
			hasScannedForEncodings = 0;
			knownRegions = (
				en,
				Base,
			);
			mainGroup = 54E092911C42EB2400E670FF;
			productRefGroup = 54E0929B1C42EB2400E670FF /* Products */;
			projectDirPath = "";
			projectRoot = "";
			targets = (
				54E092991C42EB2400E670FF /* food-tracker-tutorial */,
				54E092AD1C42EB2400E670FF /* food-tracker-tutorialTests */,
				54E092B81C42EB2400E670FF /* food-tracker-tutorialUITests */,
			);
		};
/* End PBXProject section */

/* Begin PBXResourcesBuildPhase section */
		54E092981C42EB2400E670FF /* Resources */ = {
			isa = PBXResourcesBuildPhase;
			buildActionMask = 2147483647;
			files = (
				54E092A81C42EB2400E670FF /* LaunchScreen.storyboard in Resources */,
				54E092A51C42EB2400E670FF /* Assets.xcassets in Resources */,
				54E092A31C42EB2400E670FF /* Main.storyboard in Resources */,
			);
			runOnlyForDeploymentPostprocessing = 0;
		};
		54E092AC1C42EB2400E670FF /* Resources */ = {
			isa = PBXResourcesBuildPhase;
			buildActionMask = 2147483647;
			files = (
			);
			runOnlyForDeploymentPostprocessing = 0;
		};
		54E092B71C42EB2400E670FF /* Resources */ = {
			isa = PBXResourcesBuildPhase;
			buildActionMask = 2147483647;
			files = (
			);
			runOnlyForDeploymentPostprocessing = 0;
		};
/* End PBXResourcesBuildPhase section */

/* Begin PBXSourcesBuildPhase section */
		54E092961C42EB2400E670FF /* Sources */ = {
			isa = PBXSourcesBuildPhase;
			buildActionMask = 2147483647;
			files = (
				54E092A01C42EB2400E670FF /* ViewController.swift in Sources */,
				54E0929E1C42EB2400E670FF /* AppDelegate.swift in Sources */,
			);
			runOnlyForDeploymentPostprocessing = 0;
		};
		54E092AA1C42EB2400E670FF /* Sources */ = {
			isa = PBXSourcesBuildPhase;
			buildActionMask = 2147483647;
			files = (
				54E092B31C42EB2400E670FF /* food_tracker_tutorialTests.swift in Sources */,
			);
			runOnlyForDeploymentPostprocessing = 0;
		};
		54E092B51C42EB2400E670FF /* Sources */ = {
			isa = PBXSourcesBuildPhase;
			buildActionMask = 2147483647;
			files = (
				54E092BE1C42EB2400E670FF /* food_tracker_tutorialUITests.swift in Sources */,
			);
			runOnlyForDeploymentPostprocessing = 0;
		};
/* End PBXSourcesBuildPhase section */

/* Begin PBXTargetDependency section */
		54E092B01C42EB2400E670FF /* PBXTargetDependency */ = {
			isa = PBXTargetDependency;
			target = 54E092991C42EB2400E670FF /* food-tracker-tutorial */;
			targetProxy = 54E092AF1C42EB2400E670FF /* PBXContainerItemProxy */;
		};
		54E092BB1C42EB2400E670FF /* PBXTargetDependency */ = {
			isa = PBXTargetDependency;
			target = 54E092991C42EB2400E670FF /* food-tracker-tutorial */;
			targetProxy = 54E092BA1C42EB2400E670FF /* PBXContainerItemProxy */;
		};
/* End PBXTargetDependency section */

/* Begin PBXVariantGroup section */
		54E092A11C42EB2400E670FF /* Main.storyboard */ = {
			isa = PBXVariantGroup;
			children = (
				54E092A21C42EB2400E670FF /* Base */,
			);
			name = Main.storyboard;
			sourceTree = "<group>";
		};
		54E092A61C42EB2400E670FF /* LaunchScreen.storyboard */ = {
			isa = PBXVariantGroup;
			children = (
				54E092A71C42EB2400E670FF /* Base */,
			);
			name = LaunchScreen.storyboard;
			sourceTree = "<group>";
		};
/* End PBXVariantGroup section */

/* Begin XCBuildConfiguration section */
		54E092C01C42EB2400E670FF /* Debug */ = {
			isa = XCBuildConfiguration;
			buildSettings = {
				ALWAYS_SEARCH_USER_PATHS = NO;
				CLANG_CXX_LANGUAGE_STANDARD = "gnu++0x";
				CLANG_CXX_LIBRARY = "libc++";
				CLANG_ENABLE_MODULES = YES;
				CLANG_ENABLE_OBJC_ARC = YES;
				CLANG_WARN_BOOL_CONVERSION = YES;
				CLANG_WARN_CONSTANT_CONVERSION = YES;
				CLANG_WARN_DIRECT_OBJC_ISA_USAGE = YES_ERROR;
				CLANG_WARN_EMPTY_BODY = YES;
				CLANG_WARN_ENUM_CONVERSION = YES;
				CLANG_WARN_INT_CONVERSION = YES;
				CLANG_WARN_OBJC_ROOT_CLASS = YES_ERROR;
				CLANG_WARN_UNREACHABLE_CODE = YES;
				CLANG_WARN__DUPLICATE_METHOD_MATCH = YES;
				"CODE_SIGN_IDENTITY[sdk=iphoneos*]" = "iPhone Developer";
				COPY_PHASE_STRIP = NO;
				DEBUG_INFORMATION_FORMAT = dwarf;
				ENABLE_STRICT_OBJC_MSGSEND = YES;
				ENABLE_TESTABILITY = YES;
				GCC_C_LANGUAGE_STANDARD = gnu99;
				GCC_DYNAMIC_NO_PIC = NO;
				GCC_NO_COMMON_BLOCKS = YES;
				GCC_OPTIMIZATION_LEVEL = 0;
				GCC_PREPROCESSOR_DEFINITIONS = (
					"DEBUG=1",
					"$(inherited)",
				);
				GCC_WARN_64_TO_32_BIT_CONVERSION = YES;
				GCC_WARN_ABOUT_RETURN_TYPE = YES_ERROR;
				GCC_WARN_UNDECLARED_SELECTOR = YES;
				GCC_WARN_UNINITIALIZED_AUTOS = YES_AGGRESSIVE;
				GCC_WARN_UNUSED_FUNCTION = YES;
				GCC_WARN_UNUSED_VARIABLE = YES;
				IPHONEOS_DEPLOYMENT_TARGET = 9.2;
				MTL_ENABLE_DEBUG_INFO = YES;
				ONLY_ACTIVE_ARCH = YES;
				SDKROOT = iphoneos;
				SWIFT_OPTIMIZATION_LEVEL = "-Onone";
				TARGETED_DEVICE_FAMILY = "1,2";
			};
			name = Debug;
		};
		54E092C11C42EB2400E670FF /* Release */ = {
			isa = XCBuildConfiguration;
			buildSettings = {
				ALWAYS_SEARCH_USER_PATHS = NO;
				CLANG_CXX_LANGUAGE_STANDARD = "gnu++0x";
				CLANG_CXX_LIBRARY = "libc++";
				CLANG_ENABLE_MODULES = YES;
				CLANG_ENABLE_OBJC_ARC = YES;
				CLANG_WARN_BOOL_CONVERSION = YES;
				CLANG_WARN_CONSTANT_CONVERSION = YES;
				CLANG_WARN_DIRECT_OBJC_ISA_USAGE = YES_ERROR;
				CLANG_WARN_EMPTY_BODY = YES;
				CLANG_WARN_ENUM_CONVERSION = YES;
				CLANG_WARN_INT_CONVERSION = YES;
				CLANG_WARN_OBJC_ROOT_CLASS = YES_ERROR;
				CLANG_WARN_UNREACHABLE_CODE = YES;
				CLANG_WARN__DUPLICATE_METHOD_MATCH = YES;
				"CODE_SIGN_IDENTITY[sdk=iphoneos*]" = "iPhone Developer";
				COPY_PHASE_STRIP = NO;
				DEBUG_INFORMATION_FORMAT = "dwarf-with-dsym";
				ENABLE_NS_ASSERTIONS = NO;
				ENABLE_STRICT_OBJC_MSGSEND = YES;
				GCC_C_LANGUAGE_STANDARD = gnu99;
				GCC_NO_COMMON_BLOCKS = YES;
				GCC_WARN_64_TO_32_BIT_CONVERSION = YES;
				GCC_WARN_ABOUT_RETURN_TYPE = YES_ERROR;
				GCC_WARN_UNDECLARED_SELECTOR = YES;
				GCC_WARN_UNINITIALIZED_AUTOS = YES_AGGRESSIVE;
				GCC_WARN_UNUSED_FUNCTION = YES;
				GCC_WARN_UNUSED_VARIABLE = YES;
				IPHONEOS_DEPLOYMENT_TARGET = 9.2;
				MTL_ENABLE_DEBUG_INFO = NO;
				SDKROOT = iphoneos;
				TARGETED_DEVICE_FAMILY = "1,2";
				VALIDATE_PRODUCT = YES;
			};
			name = Release;
		};
		54E092C31C42EB2400E670FF /* Debug */ = {
			isa = XCBuildConfiguration;
			buildSettings = {
				ASSETCATALOG_COMPILER_APPICON_NAME = AppIcon;
				INFOPLIST_FILE = "food-tracker-tutorial/Info.plist";
				LD_RUNPATH_SEARCH_PATHS = "$(inherited) @executable_path/Frameworks";
				PRODUCT_BUNDLE_IDENTIFIER = "org.xf0x.food-tracker-tutorial";
				PRODUCT_NAME = "$(TARGET_NAME)";
			};
			name = Debug;
		};
		54E092C41C42EB2400E670FF /* Release */ = {
			isa = XCBuildConfiguration;
			buildSettings = {
				ASSETCATALOG_COMPILER_APPICON_NAME = AppIcon;
				INFOPLIST_FILE = "food-tracker-tutorial/Info.plist";
				LD_RUNPATH_SEARCH_PATHS = "$(inherited) @executable_path/Frameworks";
				PRODUCT_BUNDLE_IDENTIFIER = "org.xf0x.food-tracker-tutorial";
				PRODUCT_NAME = "$(TARGET_NAME)";
			};
			name = Release;
		};
		54E092C61C42EB2400E670FF /* Debug */ = {
			isa = XCBuildConfiguration;
			buildSettings = {
				BUNDLE_LOADER = "$(TEST_HOST)";
				INFOPLIST_FILE = "food-tracker-tutorialTests/Info.plist";
				LD_RUNPATH_SEARCH_PATHS = "$(inherited) @executable_path/Frameworks @loader_path/Frameworks";
				PRODUCT_BUNDLE_IDENTIFIER = "org.xf0x.food-tracker-tutorialTests";
				PRODUCT_NAME = "$(TARGET_NAME)";
				TEST_HOST = "$(BUILT_PRODUCTS_DIR)/food-tracker-tutorial.app/food-tracker-tutorial";
			};
			name = Debug;
		};
		54E092C71C42EB2400E670FF /* Release */ = {
			isa = XCBuildConfiguration;
			buildSettings = {
				BUNDLE_LOADER = "$(TEST_HOST)";
				INFOPLIST_FILE = "food-tracker-tutorialTests/Info.plist";
				LD_RUNPATH_SEARCH_PATHS = "$(inherited) @executable_path/Frameworks @loader_path/Frameworks";
				PRODUCT_BUNDLE_IDENTIFIER = "org.xf0x.food-tracker-tutorialTests";
				PRODUCT_NAME = "$(TARGET_NAME)";
				TEST_HOST = "$(BUILT_PRODUCTS_DIR)/food-tracker-tutorial.app/food-tracker-tutorial";
			};
			name = Release;
		};
		54E092C91C42EB2400E670FF /* Debug */ = {
			isa = XCBuildConfiguration;
			buildSettings = {
				INFOPLIST_FILE = "food-tracker-tutorialUITests/Info.plist";
				LD_RUNPATH_SEARCH_PATHS = "$(inherited) @executable_path/Frameworks @loader_path/Frameworks";
				PRODUCT_BUNDLE_IDENTIFIER = "org.xf0x.food-tracker-tutorialUITests";
				PRODUCT_NAME = "$(TARGET_NAME)";
				TEST_TARGET_NAME = "food-tracker-tutorial";
				USES_XCTRUNNER = YES;
			};
			name = Debug;
		};
		54E092CA1C42EB2400E670FF /* Release */ = {
			isa = XCBuildConfiguration;
			buildSettings = {
				INFOPLIST_FILE = "food-tracker-tutorialUITests/Info.plist";
				LD_RUNPATH_SEARCH_PATHS = "$(inherited) @executable_path/Frameworks @loader_path/Frameworks";
				PRODUCT_BUNDLE_IDENTIFIER = "org.xf0x.food-tracker-tutorialUITests";
				PRODUCT_NAME = "$(TARGET_NAME)";
				TEST_TARGET_NAME = "food-tracker-tutorial";
				USES_XCTRUNNER = YES;
			};
			name = Release;
		};
/* End XCBuildConfiguration section */

/* Begin XCConfigurationList section */
		54E092951C42EB2400E670FF /* Build configuration list for PBXProject "food-tracker-tutorial" */ = {
			isa = XCConfigurationList;
			buildConfigurations = (
				54E092C01C42EB2400E670FF /* Debug */,
				54E092C11C42EB2400E670FF /* Release */,
			);
			defaultConfigurationIsVisible = 0;
			defaultConfigurationName = Release;
		};
		54E092C21C42EB2400E670FF /* Build configuration list for PBXNativeTarget "food-tracker-tutorial" */ = {
			isa = XCConfigurationList;
			buildConfigurations = (
				54E092C31C42EB2400E670FF /* Debug */,
				54E092C41C42EB2400E670FF /* Release */,
			);
			defaultConfigurationIsVisible = 0;
		};
		54E092C51C42EB2400E670FF /* Build configuration list for PBXNativeTarget "food-tracker-tutorialTests" */ = {
			isa = XCConfigurationList;
			buildConfigurations = (
				54E092C61C42EB2400E670FF /* Debug */,
				54E092C71C42EB2400E670FF /* Release */,
			);
			defaultConfigurationIsVisible = 0;
		};
		54E092C81C42EB2400E670FF /* Build configuration list for PBXNativeTarget "food-tracker-tutorialUITests" */ = {
			isa = XCConfigurationList;
			buildConfigurations = (
				54E092C91C42EB2400E670FF /* Debug */,
				54E092CA1C42EB2400E670FF /* Release */,
			);
			defaultConfigurationIsVisible = 0;
		};
/* End XCConfigurationList section */
	};
	rootObject = 54E092921C42EB2400E670FF /* Project object */;
}
